
Microsoft Visual Studio Solution File, Format Version 12.00
# Visual Studio Version 17
VisualStudioVersion = 17.7.34221.43
MinimumVisualStudioVersion = 10.0.40219.1
Project("{FAE04EC0-301F-11D3-BF4B-00C04F79EFBC}") = "PaintProjectTerm", "PaintProjectTerm\PaintProjectTerm.csproj", "{1B2A86DD-A6A1-4B12-A0CD-C77A03F7EB14}"
EndProject
Global
	GlobalSection(SolutionConfigurationPlatforms) = preSolution
		Debug|Any CPU = Debug|Any CPU
		Release|Any CPU = Release|Any CPU
	EndGlobalSection
	GlobalSection(ProjectConfigurationPlatforms) = postSolution
		{1B2A86DD-A6A1-4B12-A0CD-C77A03F7EB14}.Debug|Any CPU.ActiveCfg = Debug|Any CPU
		{1B2A86DD-A6A1-4B12-A0CD-C77A03F7EB14}.Debug|Any CPU.Build.0 = Debug|Any CPU
		{1B2A86DD-A6A1-4B12-A0CD-C77A03F7EB14}.Release|Any CPU.ActiveCfg = Release|Any CPU
		{1B2A86DD-A6A1-4B12-A0CD-C77A03F7EB14}.Release|Any CPU.Build.0 = Release|Any CPU
	EndGlobalSection
	GlobalSection(SolutionProperties) = preSolution
		HideSolutionNode = FALSE
	EndGlobalSection
	GlobalSection(ExtensibilityGlobals) = postSolution
		SolutionGuid = {4B812DEB-5679-4925-9F1F-208CB748802B}
	EndGlobalSection
EndGlobal
